// !$*UTF8*$!
{
	archiveVersion = 1;
	classes = {
	};
	objectVersion = 50;
	objects = {

/* Begin PBXBuildFile section */
		021BE8F66C12F0768C66AD20 /* Pods_smartdesk.framework in Frameworks */ = {isa = PBXBuildFile; fileRef = B0113A6F41CA8856D3668EBA /* Pods_smartdesk.framework */; };
		043E1C7E2171383000B1ED56 /* DashboardHeaderTableViewCell.swift in Sources */ = {isa = PBXBuildFile; fileRef = 043E1C7C2171383000B1ED56 /* DashboardHeaderTableViewCell.swift */; };
		043E1C7F2171383000B1ED56 /* DashboardHeaderTableViewCell.xib in Resources */ = {isa = PBXBuildFile; fileRef = 043E1C7D2171383000B1ED56 /* DashboardHeaderTableViewCell.xib */; };
		043E1C8221713BA100B1ED56 /* DashboardSlidableTableViewCell.swift in Sources */ = {isa = PBXBuildFile; fileRef = 043E1C8021713BA100B1ED56 /* DashboardSlidableTableViewCell.swift */; };
		043E1C85217141F700B1ED56 /* DashboardController.swift in Sources */ = {isa = PBXBuildFile; fileRef = 043E1C84217141F700B1ED56 /* DashboardController.swift */; };
		043E1C88217143DE00B1ED56 /* BLEControllable.swift in Sources */ = {isa = PBXBuildFile; fileRef = 043E1C87217143DE00B1ED56 /* BLEControllable.swift */; };
		043E1C8A217146A400B1ED56 /* BLEControlEntity.swift in Sources */ = {isa = PBXBuildFile; fileRef = 043E1C89217146A400B1ED56 /* BLEControlEntity.swift */; };
		043E1C8C217156BD00B1ED56 /* DeskLight.swift in Sources */ = {isa = PBXBuildFile; fileRef = 043E1C8B217156BD00B1ED56 /* DeskLight.swift */; };
		043E1C8E2171652700B1ED56 /* BLEControlCollectionViewCell.swift in Sources */ = {isa = PBXBuildFile; fileRef = 043E1C8D2171652700B1ED56 /* BLEControlCollectionViewCell.swift */; };
		045073992182DA3400470900 /* ColorPickerView.swift in Sources */ = {isa = PBXBuildFile; fileRef = 045073982182DA3400470900 /* ColorPickerView.swift */; };
		0450739C2182DB4100470900 /* ColorPickerViewController.swift in Sources */ = {isa = PBXBuildFile; fileRef = 0450739A2182DB4100470900 /* ColorPickerViewController.swift */; };
		0450739D2182DB4100470900 /* ColorPickerViewController.xib in Resources */ = {isa = PBXBuildFile; fileRef = 0450739B2182DB4100470900 /* ColorPickerViewController.xib */; };
		0465A4462180162100CA825A /* LightControlTableViewController.swift in Sources */ = {isa = PBXBuildFile; fileRef = 0465A4442180162100CA825A /* LightControlTableViewController.swift */; };
		0465A4472180162100CA825A /* LightControlTableViewController.xib in Resources */ = {isa = PBXBuildFile; fileRef = 0465A4452180162100CA825A /* LightControlTableViewController.xib */; };
		0465A4492180166D00CA825A /* LightControlOptions.swift in Sources */ = {isa = PBXBuildFile; fileRef = 0465A4482180166D00CA825A /* LightControlOptions.swift */; };
		0465A44C218024D700CA825A /* LightControlColorTableViewCell.swift in Sources */ = {isa = PBXBuildFile; fileRef = 0465A44A218024D700CA825A /* LightControlColorTableViewCell.swift */; };
		0465A44D218024D700CA825A /* LightControlColorTableViewCell.xib in Resources */ = {isa = PBXBuildFile; fileRef = 0465A44B218024D700CA825A /* LightControlColorTableViewCell.xib */; };
		0465A44F2180257A00CA825A /* LightController.swift in Sources */ = {isa = PBXBuildFile; fileRef = 0465A44E2180257A00CA825A /* LightController.swift */; };
		0465A45221804BF100CA825A /* LightControlColorCollectionViewCell.swift in Sources */ = {isa = PBXBuildFile; fileRef = 0465A45021804BF100CA825A /* LightControlColorCollectionViewCell.swift */; };
		0465A45321804BF100CA825A /* LightControlColorCollectionViewCell.xib in Resources */ = {isa = PBXBuildFile; fileRef = 0465A45121804BF100CA825A /* LightControlColorCollectionViewCell.xib */; };
		0465A4562180C1C000CA825A /* LightControlSliderTableViewCell.swift in Sources */ = {isa = PBXBuildFile; fileRef = 0465A4542180C1C000CA825A /* LightControlSliderTableViewCell.swift */; };
		0465A4572180C1C000CA825A /* LightControlSliderTableViewCell.xib in Resources */ = {isa = PBXBuildFile; fileRef = 0465A4552180C1C000CA825A /* LightControlSliderTableViewCell.xib */; };
		0465A4592181056B00CA825A /* Haptic.swift in Sources */ = {isa = PBXBuildFile; fileRef = 0465A4582181056B00CA825A /* Haptic.swift */; };
		048E3EB921770E6600217DD8 /* TestAsciiStringConversion.swift in Sources */ = {isa = PBXBuildFile; fileRef = 048E3EB821770E6600217DD8 /* TestAsciiStringConversion.swift */; };
		048E3EBA21770E9A00217DD8 /* BLEManager.swift in Sources */ = {isa = PBXBuildFile; fileRef = 04B66940216DBD3300B8795A /* BLEManager.swift */; };
		048E3EBB21770F2100217DD8 /* BLEManagerDelegate.swift in Sources */ = {isa = PBXBuildFile; fileRef = 04B66942216DC64600B8795A /* BLEManagerDelegate.swift */; };
		048E3EBC21770F2400217DD8 /* BLEError.swift in Sources */ = {isa = PBXBuildFile; fileRef = 04B66949216EA2E300B8795A /* BLEError.swift */; };
		048E3EBD21770F6100217DD8 /* SwiftMessagesWrapper.swift in Sources */ = {isa = PBXBuildFile; fileRef = 04B66947216EA27900B8795A /* SwiftMessagesWrapper.swift */; };
		048E3EC221782F2800217DD8 /* OutgoingCommands.swift in Sources */ = {isa = PBXBuildFile; fileRef = 048E3EC121782F2800217DD8 /* OutgoingCommands.swift */; };
		048E3EC4217840D500217DD8 /* IncomingCommand.swift in Sources */ = {isa = PBXBuildFile; fileRef = 048E3EC3217840D500217DD8 /* IncomingCommand.swift */; };
		048E3EC62178532300217DD8 /* CommandToIndex.swift in Sources */ = {isa = PBXBuildFile; fileRef = 048E3EC52178532300217DD8 /* CommandToIndex.swift */; };
		048E3EC72178BF8E00217DD8 /* IncomingCommand.swift in Sources */ = {isa = PBXBuildFile; fileRef = 048E3EC3217840D500217DD8 /* IncomingCommand.swift */; };
		048E3EC92179471A00217DD8 /* SignalStrengthViewController.swift in Sources */ = {isa = PBXBuildFile; fileRef = 048E3EC82179471A00217DD8 /* SignalStrengthViewController.swift */; };
		04B66920216DBB4A00B8795A /* AppDelegate.swift in Sources */ = {isa = PBXBuildFile; fileRef = 04B6691F216DBB4A00B8795A /* AppDelegate.swift */; };
		04B66922216DBB4A00B8795A /* DashboardViewController.swift in Sources */ = {isa = PBXBuildFile; fileRef = 04B66921216DBB4A00B8795A /* DashboardViewController.swift */; };
		04B66925216DBB4A00B8795A /* Main.storyboard in Resources */ = {isa = PBXBuildFile; fileRef = 04B66923216DBB4A00B8795A /* Main.storyboard */; };
		04B66927216DBB4F00B8795A /* Assets.xcassets in Resources */ = {isa = PBXBuildFile; fileRef = 04B66926216DBB4F00B8795A /* Assets.xcassets */; };
		04B6692A216DBB4F00B8795A /* LaunchScreen.storyboard in Resources */ = {isa = PBXBuildFile; fileRef = 04B66928216DBB4F00B8795A /* LaunchScreen.storyboard */; };
		04B66941216DBD3300B8795A /* BLEManager.swift in Sources */ = {isa = PBXBuildFile; fileRef = 04B66940216DBD3300B8795A /* BLEManager.swift */; };
		04B66943216DC64600B8795A /* BLEManagerDelegate.swift in Sources */ = {isa = PBXBuildFile; fileRef = 04B66942216DC64600B8795A /* BLEManagerDelegate.swift */; };
		04B66945216E992A00B8795A /* ConnectionViewController.swift in Sources */ = {isa = PBXBuildFile; fileRef = 04B66944216E992A00B8795A /* ConnectionViewController.swift */; };
		04B66948216EA27900B8795A /* SwiftMessagesWrapper.swift in Sources */ = {isa = PBXBuildFile; fileRef = 04B66947216EA27900B8795A /* SwiftMessagesWrapper.swift */; };
		04B6694A216EA2E300B8795A /* BLEError.swift in Sources */ = {isa = PBXBuildFile; fileRef = 04B66949216EA2E300B8795A /* BLEError.swift */; };
		04B6694C2170100D00B8795A /* TimeoutableOperation.swift in Sources */ = {isa = PBXBuildFile; fileRef = 04B6694B2170100D00B8795A /* TimeoutableOperation.swift */; };
		382C4C5740DB2458EA19902D /* Pods_smartdeskTests.framework in Frameworks */ = {isa = PBXBuildFile; fileRef = 603CE35E70A3A2AE6A823E4E /* Pods_smartdeskTests.framework */; };
/* End PBXBuildFile section */

/* Begin PBXContainerItemProxy section */
		04B66931216DBB4F00B8795A /* PBXContainerItemProxy */ = {
			isa = PBXContainerItemProxy;
			containerPortal = 04B66914216DBB4A00B8795A /* Project object */;
			proxyType = 1;
			remoteGlobalIDString = 04B6691B216DBB4A00B8795A;
			remoteInfo = smartdesk;
		};
/* End PBXContainerItemProxy section */

/* Begin PBXFileReference section */
		03503663F4635E9E6339141C /* Pods-smartdesk.debug.xcconfig */ = {isa = PBXFileReference; includeInIndex = 1; lastKnownFileType = text.xcconfig; name = "Pods-smartdesk.debug.xcconfig"; path = "Pods/Target Support Files/Pods-smartdesk/Pods-smartdesk.debug.xcconfig"; sourceTree = "<group>"; };
		043E1C7C2171383000B1ED56 /* DashboardHeaderTableViewCell.swift */ = {isa = PBXFileReference; lastKnownFileType = sourcecode.swift; path = DashboardHeaderTableViewCell.swift; sourceTree = "<group>"; };
		043E1C7D2171383000B1ED56 /* DashboardHeaderTableViewCell.xib */ = {isa = PBXFileReference; lastKnownFileType = file.xib; path = DashboardHeaderTableViewCell.xib; sourceTree = "<group>"; };
		043E1C8021713BA100B1ED56 /* DashboardSlidableTableViewCell.swift */ = {isa = PBXFileReference; lastKnownFileType = sourcecode.swift; path = DashboardSlidableTableViewCell.swift; sourceTree = "<group>"; };
		043E1C84217141F700B1ED56 /* DashboardController.swift */ = {isa = PBXFileReference; lastKnownFileType = sourcecode.swift; path = DashboardController.swift; sourceTree = "<group>"; };
		043E1C87217143DE00B1ED56 /* BLEControllable.swift */ = {isa = PBXFileReference; lastKnownFileType = sourcecode.swift; path = BLEControllable.swift; sourceTree = "<group>"; };
		043E1C89217146A400B1ED56 /* BLEControlEntity.swift */ = {isa = PBXFileReference; lastKnownFileType = sourcecode.swift; path = BLEControlEntity.swift; sourceTree = "<group>"; };
		043E1C8B217156BD00B1ED56 /* DeskLight.swift */ = {isa = PBXFileReference; lastKnownFileType = sourcecode.swift; path = DeskLight.swift; sourceTree = "<group>"; };
		043E1C8D2171652700B1ED56 /* BLEControlCollectionViewCell.swift */ = {isa = PBXFileReference; lastKnownFileType = sourcecode.swift; path = BLEControlCollectionViewCell.swift; sourceTree = "<group>"; };
		045073982182DA3400470900 /* ColorPickerView.swift */ = {isa = PBXFileReference; lastKnownFileType = sourcecode.swift; path = ColorPickerView.swift; sourceTree = "<group>"; };
		0450739A2182DB4100470900 /* ColorPickerViewController.swift */ = {isa = PBXFileReference; lastKnownFileType = sourcecode.swift; path = ColorPickerViewController.swift; sourceTree = "<group>"; };
		0450739B2182DB4100470900 /* ColorPickerViewController.xib */ = {isa = PBXFileReference; lastKnownFileType = file.xib; path = ColorPickerViewController.xib; sourceTree = "<group>"; };
		0465A4442180162100CA825A /* LightControlTableViewController.swift */ = {isa = PBXFileReference; lastKnownFileType = sourcecode.swift; path = LightControlTableViewController.swift; sourceTree = "<group>"; };
		0465A4452180162100CA825A /* LightControlTableViewController.xib */ = {isa = PBXFileReference; lastKnownFileType = file.xib; path = LightControlTableViewController.xib; sourceTree = "<group>"; };
		0465A4482180166D00CA825A /* LightControlOptions.swift */ = {isa = PBXFileReference; lastKnownFileType = sourcecode.swift; path = LightControlOptions.swift; sourceTree = "<group>"; };
		0465A44A218024D700CA825A /* LightControlColorTableViewCell.swift */ = {isa = PBXFileReference; lastKnownFileType = sourcecode.swift; path = LightControlColorTableViewCell.swift; sourceTree = "<group>"; };
		0465A44B218024D700CA825A /* LightControlColorTableViewCell.xib */ = {isa = PBXFileReference; lastKnownFileType = file.xib; path = LightControlColorTableViewCell.xib; sourceTree = "<group>"; };
		0465A44E2180257A00CA825A /* LightController.swift */ = {isa = PBXFileReference; lastKnownFileType = sourcecode.swift; path = LightController.swift; sourceTree = "<group>"; };
		0465A45021804BF100CA825A /* LightControlColorCollectionViewCell.swift */ = {isa = PBXFileReference; lastKnownFileType = sourcecode.swift; path = LightControlColorCollectionViewCell.swift; sourceTree = "<group>"; };
		0465A45121804BF100CA825A /* LightControlColorCollectionViewCell.xib */ = {isa = PBXFileReference; lastKnownFileType = file.xib; path = LightControlColorCollectionViewCell.xib; sourceTree = "<group>"; };
		0465A4542180C1C000CA825A /* LightControlSliderTableViewCell.swift */ = {isa = PBXFileReference; lastKnownFileType = sourcecode.swift; path = LightControlSliderTableViewCell.swift; sourceTree = "<group>"; };
		0465A4552180C1C000CA825A /* LightControlSliderTableViewCell.xib */ = {isa = PBXFileReference; lastKnownFileType = file.xib; path = LightControlSliderTableViewCell.xib; sourceTree = "<group>"; };
		0465A4582181056B00CA825A /* Haptic.swift */ = {isa = PBXFileReference; lastKnownFileType = sourcecode.swift; path = Haptic.swift; sourceTree = "<group>"; };
		048E3EB821770E6600217DD8 /* TestAsciiStringConversion.swift */ = {isa = PBXFileReference; lastKnownFileType = sourcecode.swift; path = TestAsciiStringConversion.swift; sourceTree = "<group>"; };
		048E3EC121782F2800217DD8 /* OutgoingCommands.swift */ = {isa = PBXFileReference; lastKnownFileType = sourcecode.swift; path = OutgoingCommands.swift; sourceTree = "<group>"; };
		048E3EC3217840D500217DD8 /* IncomingCommand.swift */ = {isa = PBXFileReference; lastKnownFileType = sourcecode.swift; path = IncomingCommand.swift; sourceTree = "<group>"; };
		048E3EC52178532300217DD8 /* CommandToIndex.swift */ = {isa = PBXFileReference; lastKnownFileType = sourcecode.swift; path = CommandToIndex.swift; sourceTree = "<group>"; };
		048E3EC82179471A00217DD8 /* SignalStrengthViewController.swift */ = {isa = PBXFileReference; lastKnownFileType = sourcecode.swift; path = SignalStrengthViewController.swift; sourceTree = "<group>"; };
		04B6691C216DBB4A00B8795A /* smartdesk.app */ = {isa = PBXFileReference; explicitFileType = wrapper.application; includeInIndex = 0; path = smartdesk.app; sourceTree = BUILT_PRODUCTS_DIR; };
		04B6691F216DBB4A00B8795A /* AppDelegate.swift */ = {isa = PBXFileReference; lastKnownFileType = sourcecode.swift; path = AppDelegate.swift; sourceTree = "<group>"; };
		04B66921216DBB4A00B8795A /* DashboardViewController.swift */ = {isa = PBXFileReference; lastKnownFileType = sourcecode.swift; path = DashboardViewController.swift; sourceTree = "<group>"; };
		04B66924216DBB4A00B8795A /* Base */ = {isa = PBXFileReference; lastKnownFileType = file.storyboard; name = Base; path = Base.lproj/Main.storyboard; sourceTree = "<group>"; };
		04B66926216DBB4F00B8795A /* Assets.xcassets */ = {isa = PBXFileReference; lastKnownFileType = folder.assetcatalog; path = Assets.xcassets; sourceTree = "<group>"; };
		04B66929216DBB4F00B8795A /* Base */ = {isa = PBXFileReference; lastKnownFileType = file.storyboard; name = Base; path = Base.lproj/LaunchScreen.storyboard; sourceTree = "<group>"; };
		04B6692B216DBB4F00B8795A /* Info.plist */ = {isa = PBXFileReference; lastKnownFileType = text.plist.xml; path = Info.plist; sourceTree = "<group>"; };
		04B66930216DBB4F00B8795A /* smartdeskTests.xctest */ = {isa = PBXFileReference; explicitFileType = wrapper.cfbundle; includeInIndex = 0; path = smartdeskTests.xctest; sourceTree = BUILT_PRODUCTS_DIR; };
		04B66936216DBB4F00B8795A /* Info.plist */ = {isa = PBXFileReference; lastKnownFileType = text.plist.xml; path = Info.plist; sourceTree = "<group>"; };
		04B66940216DBD3300B8795A /* BLEManager.swift */ = {isa = PBXFileReference; lastKnownFileType = sourcecode.swift; path = BLEManager.swift; sourceTree = "<group>"; };
		04B66942216DC64600B8795A /* BLEManagerDelegate.swift */ = {isa = PBXFileReference; lastKnownFileType = sourcecode.swift; path = BLEManagerDelegate.swift; sourceTree = "<group>"; };
		04B66944216E992A00B8795A /* ConnectionViewController.swift */ = {isa = PBXFileReference; lastKnownFileType = sourcecode.swift; path = ConnectionViewController.swift; sourceTree = "<group>"; };
		04B66947216EA27900B8795A /* SwiftMessagesWrapper.swift */ = {isa = PBXFileReference; lastKnownFileType = sourcecode.swift; path = SwiftMessagesWrapper.swift; sourceTree = "<group>"; };
		04B66949216EA2E300B8795A /* BLEError.swift */ = {isa = PBXFileReference; lastKnownFileType = sourcecode.swift; path = BLEError.swift; sourceTree = "<group>"; };
		04B6694B2170100D00B8795A /* TimeoutableOperation.swift */ = {isa = PBXFileReference; lastKnownFileType = sourcecode.swift; path = TimeoutableOperation.swift; sourceTree = "<group>"; };
		1F7ECF436E5DB71B8BD43EFA /* Pods-smartdeskTests.release.xcconfig */ = {isa = PBXFileReference; includeInIndex = 1; lastKnownFileType = text.xcconfig; name = "Pods-smartdeskTests.release.xcconfig"; path = "Pods/Target Support Files/Pods-smartdeskTests/Pods-smartdeskTests.release.xcconfig"; sourceTree = "<group>"; };
		3C0BB77FED39123153A32B12 /* Pods-smartdeskTests.debug.xcconfig */ = {isa = PBXFileReference; includeInIndex = 1; lastKnownFileType = text.xcconfig; name = "Pods-smartdeskTests.debug.xcconfig"; path = "Pods/Target Support Files/Pods-smartdeskTests/Pods-smartdeskTests.debug.xcconfig"; sourceTree = "<group>"; };
		603CE35E70A3A2AE6A823E4E /* Pods_smartdeskTests.framework */ = {isa = PBXFileReference; explicitFileType = wrapper.framework; includeInIndex = 0; path = Pods_smartdeskTests.framework; sourceTree = BUILT_PRODUCTS_DIR; };
		B0113A6F41CA8856D3668EBA /* Pods_smartdesk.framework */ = {isa = PBXFileReference; explicitFileType = wrapper.framework; includeInIndex = 0; path = Pods_smartdesk.framework; sourceTree = BUILT_PRODUCTS_DIR; };
		CE654818A44E37282ED67AEA /* Pods-smartdesk.release.xcconfig */ = {isa = PBXFileReference; includeInIndex = 1; lastKnownFileType = text.xcconfig; name = "Pods-smartdesk.release.xcconfig"; path = "Pods/Target Support Files/Pods-smartdesk/Pods-smartdesk.release.xcconfig"; sourceTree = "<group>"; };
/* End PBXFileReference section */

/* Begin PBXFrameworksBuildPhase section */
		04B66919216DBB4A00B8795A /* Frameworks */ = {
			isa = PBXFrameworksBuildPhase;
			buildActionMask = 2147483647;
			files = (
				021BE8F66C12F0768C66AD20 /* Pods_smartdesk.framework in Frameworks */,
			);
			runOnlyForDeploymentPostprocessing = 0;
		};
		04B6692D216DBB4F00B8795A /* Frameworks */ = {
			isa = PBXFrameworksBuildPhase;
			buildActionMask = 2147483647;
			files = (
				382C4C5740DB2458EA19902D /* Pods_smartdeskTests.framework in Frameworks */,
			);
			runOnlyForDeploymentPostprocessing = 0;
		};
/* End PBXFrameworksBuildPhase section */

/* Begin PBXGroup section */
		043E1C7B2171370600B1ED56 /* Dashboard */ = {
			isa = PBXGroup;
			children = (
				043E1C84217141F700B1ED56 /* DashboardController.swift */,
				04B66921216DBB4A00B8795A /* DashboardViewController.swift */,
				048E3EC82179471A00217DD8 /* SignalStrengthViewController.swift */,
				043E1C8021713BA100B1ED56 /* DashboardSlidableTableViewCell.swift */,
				043E1C8D2171652700B1ED56 /* BLEControlCollectionViewCell.swift */,
			);
			path = Dashboard;
			sourceTree = "<group>";
		};
		043E1C86217143B700B1ED56 /* BLEControl */ = {
			isa = PBXGroup;
			children = (
				043E1C89217146A400B1ED56 /* BLEControlEntity.swift */,
				043E1C87217143DE00B1ED56 /* BLEControllable.swift */,
				043E1C8B217156BD00B1ED56 /* DeskLight.swift */,
				048E3EC121782F2800217DD8 /* OutgoingCommands.swift */,
				048E3EC3217840D500217DD8 /* IncomingCommand.swift */,
				048E3EC52178532300217DD8 /* CommandToIndex.swift */,
			);
			path = BLEControl;
			sourceTree = "<group>";
		};
		0465A4432180156500CA825A /* LightControl */ = {
			isa = PBXGroup;
			children = (
				045073982182DA3400470900 /* ColorPickerView.swift */,
				0450739A2182DB4100470900 /* ColorPickerViewController.swift */,
				0450739B2182DB4100470900 /* ColorPickerViewController.xib */,
				0465A44E2180257A00CA825A /* LightController.swift */,
				0465A4442180162100CA825A /* LightControlTableViewController.swift */,
				0465A4452180162100CA825A /* LightControlTableViewController.xib */,
				0465A4482180166D00CA825A /* LightControlOptions.swift */,
				0465A44A218024D700CA825A /* LightControlColorTableViewCell.swift */,
				0465A44B218024D700CA825A /* LightControlColorTableViewCell.xib */,
				0465A45021804BF100CA825A /* LightControlColorCollectionViewCell.swift */,
				0465A45121804BF100CA825A /* LightControlColorCollectionViewCell.xib */,
				0465A4542180C1C000CA825A /* LightControlSliderTableViewCell.swift */,
				0465A4552180C1C000CA825A /* LightControlSliderTableViewCell.xib */,
			);
			path = LightControl;
			sourceTree = "<group>";
		};
		04B66913216DBB4A00B8795A = {
			isa = PBXGroup;
			children = (
				04B6691E216DBB4A00B8795A /* smartdesk */,
				04B66933216DBB4F00B8795A /* smartdeskTests */,
				04B6691D216DBB4A00B8795A /* Products */,
				FA36F3A1BFF161C4E9ACE9AD /* Pods */,
				F12199BE41D7D19E9900C053 /* Frameworks */,
			);
			sourceTree = "<group>";
		};
		04B6691D216DBB4A00B8795A /* Products */ = {
			isa = PBXGroup;
			children = (
				04B6691C216DBB4A00B8795A /* smartdesk.app */,
				04B66930216DBB4F00B8795A /* smartdeskTests.xctest */,
			);
			name = Products;
			sourceTree = "<group>";
		};
		04B6691E216DBB4A00B8795A /* smartdesk */ = {
			isa = PBXGroup;
			children = (
				043E1C86217143B700B1ED56 /* BLEControl */,
				043E1C7B2171370600B1ED56 /* Dashboard */,
				0465A4432180156500CA825A /* LightControl */,
				04B66946216EA26A00B8795A /* Shared */,
				04B6693F216DBD0F00B8795A /* BLEManager */,
				04B6691F216DBB4A00B8795A /* AppDelegate.swift */,
				04B66944216E992A00B8795A /* ConnectionViewController.swift */,
				04B66923216DBB4A00B8795A /* Main.storyboard */,
				04B66926216DBB4F00B8795A /* Assets.xcassets */,
				04B66928216DBB4F00B8795A /* LaunchScreen.storyboard */,
				04B6692B216DBB4F00B8795A /* Info.plist */,
			);
			path = smartdesk;
			sourceTree = "<group>";
		};
		04B66933216DBB4F00B8795A /* smartdeskTests */ = {
			isa = PBXGroup;
			children = (
				04B66936216DBB4F00B8795A /* Info.plist */,
				048E3EB821770E6600217DD8 /* TestAsciiStringConversion.swift */,
			);
			path = smartdeskTests;
			sourceTree = "<group>";
		};
		04B6693F216DBD0F00B8795A /* BLEManager */ = {
			isa = PBXGroup;
			children = (
				04B66940216DBD3300B8795A /* BLEManager.swift */,
				04B66942216DC64600B8795A /* BLEManagerDelegate.swift */,
				04B66949216EA2E300B8795A /* BLEError.swift */,
			);
			path = BLEManager;
			sourceTree = "<group>";
		};
		04B66946216EA26A00B8795A /* Shared */ = {
			isa = PBXGroup;
			children = (
				043E1C7C2171383000B1ED56 /* DashboardHeaderTableViewCell.swift */,
				043E1C7D2171383000B1ED56 /* DashboardHeaderTableViewCell.xib */,
				04B66947216EA27900B8795A /* SwiftMessagesWrapper.swift */,
				04B6694B2170100D00B8795A /* TimeoutableOperation.swift */,
				0465A4582181056B00CA825A /* Haptic.swift */,
			);
			path = Shared;
			sourceTree = "<group>";
		};
		F12199BE41D7D19E9900C053 /* Frameworks */ = {
			isa = PBXGroup;
			children = (
				B0113A6F41CA8856D3668EBA /* Pods_smartdesk.framework */,
				603CE35E70A3A2AE6A823E4E /* Pods_smartdeskTests.framework */,
			);
			name = Frameworks;
			sourceTree = "<group>";
		};
		FA36F3A1BFF161C4E9ACE9AD /* Pods */ = {
			isa = PBXGroup;
			children = (
				03503663F4635E9E6339141C /* Pods-smartdesk.debug.xcconfig */,
				CE654818A44E37282ED67AEA /* Pods-smartdesk.release.xcconfig */,
				3C0BB77FED39123153A32B12 /* Pods-smartdeskTests.debug.xcconfig */,
				1F7ECF436E5DB71B8BD43EFA /* Pods-smartdeskTests.release.xcconfig */,
			);
			name = Pods;
			sourceTree = "<group>";
		};
/* End PBXGroup section */

/* Begin PBXNativeTarget section */
		04B6691B216DBB4A00B8795A /* smartdesk */ = {
			isa = PBXNativeTarget;
			buildConfigurationList = 04B66939216DBB4F00B8795A /* Build configuration list for PBXNativeTarget "smartdesk" */;
			buildPhases = (
				4DD176FF4ABC5BBCE817498E /* [CP] Check Pods Manifest.lock */,
				04B66918216DBB4A00B8795A /* Sources */,
				04B66919216DBB4A00B8795A /* Frameworks */,
				04B6691A216DBB4A00B8795A /* Resources */,
				1F307DDFCD7C238725EE1A63 /* [CP] Embed Pods Frameworks */,
			);
			buildRules = (
			);
			dependencies = (
			);
			name = smartdesk;
			productName = smartdesk;
			productReference = 04B6691C216DBB4A00B8795A /* smartdesk.app */;
			productType = "com.apple.product-type.application";
		};
		04B6692F216DBB4F00B8795A /* smartdeskTests */ = {
			isa = PBXNativeTarget;
			buildConfigurationList = 04B6693C216DBB4F00B8795A /* Build configuration list for PBXNativeTarget "smartdeskTests" */;
			buildPhases = (
				61C62BC28F27BEDB9120EB4A /* [CP] Check Pods Manifest.lock */,
				04B6692C216DBB4F00B8795A /* Sources */,
				04B6692D216DBB4F00B8795A /* Frameworks */,
				04B6692E216DBB4F00B8795A /* Resources */,
				6CD55A5A3D541C4BA576FA3F /* [CP] Embed Pods Frameworks */,
			);
			buildRules = (
			);
			dependencies = (
				04B66932216DBB4F00B8795A /* PBXTargetDependency */,
			);
			name = smartdeskTests;
			productName = smartdeskTests;
			productReference = 04B66930216DBB4F00B8795A /* smartdeskTests.xctest */;
			productType = "com.apple.product-type.bundle.unit-test";
		};
/* End PBXNativeTarget section */

/* Begin PBXProject section */
		04B66914216DBB4A00B8795A /* Project object */ = {
			isa = PBXProject;
			attributes = {
				LastSwiftUpdateCheck = 1000;
				LastUpgradeCheck = 1000;
				ORGANIZATIONNAME = "Jing Wei Li";
				TargetAttributes = {
					04B6691B216DBB4A00B8795A = {
						CreatedOnToolsVersion = 10.0;
					};
					04B6692F216DBB4F00B8795A = {
						CreatedOnToolsVersion = 10.0;
						LastSwiftMigration = 1000;
						TestTargetID = 04B6691B216DBB4A00B8795A;
					};
				};
			};
			buildConfigurationList = 04B66917216DBB4A00B8795A /* Build configuration list for PBXProject "smartdesk" */;
			compatibilityVersion = "Xcode 9.3";
			developmentRegion = en;
			hasScannedForEncodings = 0;
			knownRegions = (
				en,
				Base,
			);
			mainGroup = 04B66913216DBB4A00B8795A;
			productRefGroup = 04B6691D216DBB4A00B8795A /* Products */;
			projectDirPath = "";
			projectRoot = "";
			targets = (
				04B6691B216DBB4A00B8795A /* smartdesk */,
				04B6692F216DBB4F00B8795A /* smartdeskTests */,
			);
		};
/* End PBXProject section */

/* Begin PBXResourcesBuildPhase section */
		04B6691A216DBB4A00B8795A /* Resources */ = {
			isa = PBXResourcesBuildPhase;
			buildActionMask = 2147483647;
			files = (
				0465A4472180162100CA825A /* LightControlTableViewController.xib in Resources */,
				04B6692A216DBB4F00B8795A /* LaunchScreen.storyboard in Resources */,
				04B66927216DBB4F00B8795A /* Assets.xcassets in Resources */,
				0465A4572180C1C000CA825A /* LightControlSliderTableViewCell.xib in Resources */,
				0465A44D218024D700CA825A /* LightControlColorTableViewCell.xib in Resources */,
				043E1C7F2171383000B1ED56 /* DashboardHeaderTableViewCell.xib in Resources */,
				0450739D2182DB4100470900 /* ColorPickerViewController.xib in Resources */,
				04B66925216DBB4A00B8795A /* Main.storyboard in Resources */,
				0465A45321804BF100CA825A /* LightControlColorCollectionViewCell.xib in Resources */,
			);
			runOnlyForDeploymentPostprocessing = 0;
		};
		04B6692E216DBB4F00B8795A /* Resources */ = {
			isa = PBXResourcesBuildPhase;
			buildActionMask = 2147483647;
			files = (
			);
			runOnlyForDeploymentPostprocessing = 0;
		};
/* End PBXResourcesBuildPhase section */

/* Begin PBXShellScriptBuildPhase section */
		1F307DDFCD7C238725EE1A63 /* [CP] Embed Pods Frameworks */ = {
			isa = PBXShellScriptBuildPhase;
			buildActionMask = 2147483647;
			files = (
			);
			inputPaths = (
				"${SRCROOT}/Pods/Target Support Files/Pods-smartdesk/Pods-smartdesk-frameworks.sh",
				"${BUILT_PRODUCTS_DIR}/SwiftMessages/SwiftMessages.framework",
			);
			name = "[CP] Embed Pods Frameworks";
			outputPaths = (
				"${TARGET_BUILD_DIR}/${FRAMEWORKS_FOLDER_PATH}/SwiftMessages.framework",
			);
			runOnlyForDeploymentPostprocessing = 0;
			shellPath = /bin/sh;
			shellScript = "\"${SRCROOT}/Pods/Target Support Files/Pods-smartdesk/Pods-smartdesk-frameworks.sh\"\n";
			showEnvVarsInLog = 0;
		};
		4DD176FF4ABC5BBCE817498E /* [CP] Check Pods Manifest.lock */ = {
			isa = PBXShellScriptBuildPhase;
			buildActionMask = 2147483647;
			files = (
			);
			inputPaths = (
				"${PODS_PODFILE_DIR_PATH}/Podfile.lock",
				"${PODS_ROOT}/Manifest.lock",
			);
			name = "[CP] Check Pods Manifest.lock";
			outputPaths = (
				"$(DERIVED_FILE_DIR)/Pods-smartdesk-checkManifestLockResult.txt",
			);
			runOnlyForDeploymentPostprocessing = 0;
			shellPath = /bin/sh;
			shellScript = "diff \"${PODS_PODFILE_DIR_PATH}/Podfile.lock\" \"${PODS_ROOT}/Manifest.lock\" > /dev/null\nif [ $? != 0 ] ; then\n    # print error to STDERR\n    echo \"error: The sandbox is not in sync with the Podfile.lock. Run 'pod install' or update your CocoaPods installation.\" >&2\n    exit 1\nfi\n# This output is used by Xcode 'outputs' to avoid re-running this script phase.\necho \"SUCCESS\" > \"${SCRIPT_OUTPUT_FILE_0}\"\n";
			showEnvVarsInLog = 0;
		};
		61C62BC28F27BEDB9120EB4A /* [CP] Check Pods Manifest.lock */ = {
			isa = PBXShellScriptBuildPhase;
			buildActionMask = 2147483647;
			files = (
			);
			inputPaths = (
				"${PODS_PODFILE_DIR_PATH}/Podfile.lock",
				"${PODS_ROOT}/Manifest.lock",
			);
			name = "[CP] Check Pods Manifest.lock";
			outputPaths = (
				"$(DERIVED_FILE_DIR)/Pods-smartdeskTests-checkManifestLockResult.txt",
			);
			runOnlyForDeploymentPostprocessing = 0;
			shellPath = /bin/sh;
			shellScript = "diff \"${PODS_PODFILE_DIR_PATH}/Podfile.lock\" \"${PODS_ROOT}/Manifest.lock\" > /dev/null\nif [ $? != 0 ] ; then\n    # print error to STDERR\n    echo \"error: The sandbox is not in sync with the Podfile.lock. Run 'pod install' or update your CocoaPods installation.\" >&2\n    exit 1\nfi\n# This output is used by Xcode 'outputs' to avoid re-running this script phase.\necho \"SUCCESS\" > \"${SCRIPT_OUTPUT_FILE_0}\"\n";
			showEnvVarsInLog = 0;
		};
		6CD55A5A3D541C4BA576FA3F /* [CP] Embed Pods Frameworks */ = {
			isa = PBXShellScriptBuildPhase;
			buildActionMask = 2147483647;
			files = (
			);
			inputPaths = (
				"${SRCROOT}/Pods/Target Support Files/Pods-smartdeskTests/Pods-smartdeskTests-frameworks.sh",
				"${BUILT_PRODUCTS_DIR}/SwiftMessages/SwiftMessages.framework",
			);
			name = "[CP] Embed Pods Frameworks";
			outputPaths = (
				"${TARGET_BUILD_DIR}/${FRAMEWORKS_FOLDER_PATH}/SwiftMessages.framework",
			);
			runOnlyForDeploymentPostprocessing = 0;
			shellPath = /bin/sh;
			shellScript = "\"${SRCROOT}/Pods/Target Support Files/Pods-smartdeskTests/Pods-smartdeskTests-frameworks.sh\"\n";
			showEnvVarsInLog = 0;
		};
/* End PBXShellScriptBuildPhase section */

/* Begin PBXSourcesBuildPhase section */
		04B66918216DBB4A00B8795A /* Sources */ = {
			isa = PBXSourcesBuildPhase;
			buildActionMask = 2147483647;
			files = (
				04B66943216DC64600B8795A /* BLEManagerDelegate.swift in Sources */,
				048E3EC92179471A00217DD8 /* SignalStrengthViewController.swift in Sources */,
				04B6694C2170100D00B8795A /* TimeoutableOperation.swift in Sources */,
				043E1C88217143DE00B1ED56 /* BLEControllable.swift in Sources */,
				0465A44F2180257A00CA825A /* LightController.swift in Sources */,
				048E3EC4217840D500217DD8 /* IncomingCommand.swift in Sources */,
				048E3EC62178532300217DD8 /* CommandToIndex.swift in Sources */,
				0465A4462180162100CA825A /* LightControlTableViewController.swift in Sources */,
				0465A44C218024D700CA825A /* LightControlColorTableViewCell.swift in Sources */,
				04B66922216DBB4A00B8795A /* DashboardViewController.swift in Sources */,
				0450739C2182DB4100470900 /* ColorPickerViewController.swift in Sources */,
				04B66945216E992A00B8795A /* ConnectionViewController.swift in Sources */,
				043E1C7E2171383000B1ED56 /* DashboardHeaderTableViewCell.swift in Sources */,
				0465A4592181056B00CA825A /* Haptic.swift in Sources */,
				0465A4492180166D00CA825A /* LightControlOptions.swift in Sources */,
				045073992182DA3400470900 /* ColorPickerView.swift in Sources */,
				0465A4562180C1C000CA825A /* LightControlSliderTableViewCell.swift in Sources */,
				04B66941216DBD3300B8795A /* BLEManager.swift in Sources */,
				043E1C8E2171652700B1ED56 /* BLEControlCollectionViewCell.swift in Sources */,
				04B6694A216EA2E300B8795A /* BLEError.swift in Sources */,
				048E3EC221782F2800217DD8 /* OutgoingCommands.swift in Sources */,
				043E1C85217141F700B1ED56 /* DashboardController.swift in Sources */,
				04B66920216DBB4A00B8795A /* AppDelegate.swift in Sources */,
				0465A45221804BF100CA825A /* LightControlColorCollectionViewCell.swift in Sources */,
				043E1C8221713BA100B1ED56 /* DashboardSlidableTableViewCell.swift in Sources */,
				043E1C8C217156BD00B1ED56 /* DeskLight.swift in Sources */,
				04B66948216EA27900B8795A /* SwiftMessagesWrapper.swift in Sources */,
				043E1C8A217146A400B1ED56 /* BLEControlEntity.swift in Sources */,
			);
			runOnlyForDeploymentPostprocessing = 0;
		};
		04B6692C216DBB4F00B8795A /* Sources */ = {
			isa = PBXSourcesBuildPhase;
			buildActionMask = 2147483647;
			files = (
				048E3EBD21770F6100217DD8 /* SwiftMessagesWrapper.swift in Sources */,
				048E3EC72178BF8E00217DD8 /* IncomingCommand.swift in Sources */,
				048E3EB921770E6600217DD8 /* TestAsciiStringConversion.swift in Sources */,
				048E3EBA21770E9A00217DD8 /* BLEManager.swift in Sources */,
				048E3EBC21770F2400217DD8 /* BLEError.swift in Sources */,
				048E3EBB21770F2100217DD8 /* BLEManagerDelegate.swift in Sources */,
			);
			runOnlyForDeploymentPostprocessing = 0;
		};
/* End PBXSourcesBuildPhase section */

/* Begin PBXTargetDependency section */
		04B66932216DBB4F00B8795A /* PBXTargetDependency */ = {
			isa = PBXTargetDependency;
			target = 04B6691B216DBB4A00B8795A /* smartdesk */;
			targetProxy = 04B66931216DBB4F00B8795A /* PBXContainerItemProxy */;
		};
/* End PBXTargetDependency section */

/* Begin PBXVariantGroup section */
		04B66923216DBB4A00B8795A /* Main.storyboard */ = {
			isa = PBXVariantGroup;
			children = (
				04B66924216DBB4A00B8795A /* Base */,
			);
			name = Main.storyboard;
			sourceTree = "<group>";
		};
		04B66928216DBB4F00B8795A /* LaunchScreen.storyboard */ = {
			isa = PBXVariantGroup;
			children = (
				04B66929216DBB4F00B8795A /* Base */,
			);
			name = LaunchScreen.storyboard;
			sourceTree = "<group>";
		};
/* End PBXVariantGroup section */

/* Begin XCBuildConfiguration section */
		04B66937216DBB4F00B8795A /* Debug */ = {
			isa = XCBuildConfiguration;
			buildSettings = {
				ALWAYS_SEARCH_USER_PATHS = NO;
				CLANG_ANALYZER_NONNULL = YES;
				CLANG_ANALYZER_NUMBER_OBJECT_CONVERSION = YES_AGGRESSIVE;
				CLANG_CXX_LANGUAGE_STANDARD = "gnu++14";
				CLANG_CXX_LIBRARY = "libc++";
				CLANG_ENABLE_MODULES = YES;
				CLANG_ENABLE_OBJC_ARC = YES;
				CLANG_ENABLE_OBJC_WEAK = YES;
				CLANG_WARN_BLOCK_CAPTURE_AUTORELEASING = YES;
				CLANG_WARN_BOOL_CONVERSION = YES;
				CLANG_WARN_COMMA = YES;
				CLANG_WARN_CONSTANT_CONVERSION = YES;
				CLANG_WARN_DEPRECATED_OBJC_IMPLEMENTATIONS = YES;
				CLANG_WARN_DIRECT_OBJC_ISA_USAGE = YES_ERROR;
				CLANG_WARN_DOCUMENTATION_COMMENTS = YES;
				CLANG_WARN_EMPTY_BODY = YES;
				CLANG_WARN_ENUM_CONVERSION = YES;
				CLANG_WARN_INFINITE_RECURSION = YES;
				CLANG_WARN_INT_CONVERSION = YES;
				CLANG_WARN_NON_LITERAL_NULL_CONVERSION = YES;
				CLANG_WARN_OBJC_IMPLICIT_RETAIN_SELF = YES;
				CLANG_WARN_OBJC_LITERAL_CONVERSION = YES;
				CLANG_WARN_OBJC_ROOT_CLASS = YES_ERROR;
				CLANG_WARN_RANGE_LOOP_ANALYSIS = YES;
				CLANG_WARN_STRICT_PROTOTYPES = YES;
				CLANG_WARN_SUSPICIOUS_MOVE = YES;
				CLANG_WARN_UNGUARDED_AVAILABILITY = YES_AGGRESSIVE;
				CLANG_WARN_UNREACHABLE_CODE = YES;
				CLANG_WARN__DUPLICATE_METHOD_MATCH = YES;
				CODE_SIGN_IDENTITY = "iPhone Developer";
				COPY_PHASE_STRIP = NO;
				DEBUG_INFORMATION_FORMAT = dwarf;
				ENABLE_STRICT_OBJC_MSGSEND = YES;
				ENABLE_TESTABILITY = YES;
				GCC_C_LANGUAGE_STANDARD = gnu11;
				GCC_DYNAMIC_NO_PIC = NO;
				GCC_NO_COMMON_BLOCKS = YES;
				GCC_OPTIMIZATION_LEVEL = 0;
				GCC_PREPROCESSOR_DEFINITIONS = (
					"DEBUG=1",
					"$(inherited)",
				);
				GCC_WARN_64_TO_32_BIT_CONVERSION = YES;
				GCC_WARN_ABOUT_RETURN_TYPE = YES_ERROR;
				GCC_WARN_UNDECLARED_SELECTOR = YES;
				GCC_WARN_UNINITIALIZED_AUTOS = YES_AGGRESSIVE;
				GCC_WARN_UNUSED_FUNCTION = YES;
				GCC_WARN_UNUSED_VARIABLE = YES;
				IPHONEOS_DEPLOYMENT_TARGET = 10.0;
				MTL_ENABLE_DEBUG_INFO = INCLUDE_SOURCE;
				MTL_FAST_MATH = YES;
				ONLY_ACTIVE_ARCH = YES;
				SDKROOT = iphoneos;
				SWIFT_ACTIVE_COMPILATION_CONDITIONS = DEBUG;
				SWIFT_OPTIMIZATION_LEVEL = "-Onone";
			};
			name = Debug;
		};
		04B66938216DBB4F00B8795A /* Release */ = {
			isa = XCBuildConfiguration;
			buildSettings = {
				ALWAYS_SEARCH_USER_PATHS = NO;
				CLANG_ANALYZER_NONNULL = YES;
				CLANG_ANALYZER_NUMBER_OBJECT_CONVERSION = YES_AGGRESSIVE;
				CLANG_CXX_LANGUAGE_STANDARD = "gnu++14";
				CLANG_CXX_LIBRARY = "libc++";
				CLANG_ENABLE_MODULES = YES;
				CLANG_ENABLE_OBJC_ARC = YES;
				CLANG_ENABLE_OBJC_WEAK = YES;
				CLANG_WARN_BLOCK_CAPTURE_AUTORELEASING = YES;
				CLANG_WARN_BOOL_CONVERSION = YES;
				CLANG_WARN_COMMA = YES;
				CLANG_WARN_CONSTANT_CONVERSION = YES;
				CLANG_WARN_DEPRECATED_OBJC_IMPLEMENTATIONS = YES;
				CLANG_WARN_DIRECT_OBJC_ISA_USAGE = YES_ERROR;
				CLANG_WARN_DOCUMENTATION_COMMENTS = YES;
				CLANG_WARN_EMPTY_BODY = YES;
				CLANG_WARN_ENUM_CONVERSION = YES;
				CLANG_WARN_INFINITE_RECURSION = YES;
				CLANG_WARN_INT_CONVERSION = YES;
				CLANG_WARN_NON_LITERAL_NULL_CONVERSION = YES;
				CLANG_WARN_OBJC_IMPLICIT_RETAIN_SELF = YES;
				CLANG_WARN_OBJC_LITERAL_CONVERSION = YES;
				CLANG_WARN_OBJC_ROOT_CLASS = YES_ERROR;
				CLANG_WARN_RANGE_LOOP_ANALYSIS = YES;
				CLANG_WARN_STRICT_PROTOTYPES = YES;
				CLANG_WARN_SUSPICIOUS_MOVE = YES;
				CLANG_WARN_UNGUARDED_AVAILABILITY = YES_AGGRESSIVE;
				CLANG_WARN_UNREACHABLE_CODE = YES;
				CLANG_WARN__DUPLICATE_METHOD_MATCH = YES;
				CODE_SIGN_IDENTITY = "iPhone Developer";
				COPY_PHASE_STRIP = NO;
				DEBUG_INFORMATION_FORMAT = "dwarf-with-dsym";
				ENABLE_NS_ASSERTIONS = NO;
				ENABLE_STRICT_OBJC_MSGSEND = YES;
				GCC_C_LANGUAGE_STANDARD = gnu11;
				GCC_NO_COMMON_BLOCKS = YES;
				GCC_WARN_64_TO_32_BIT_CONVERSION = YES;
				GCC_WARN_ABOUT_RETURN_TYPE = YES_ERROR;
				GCC_WARN_UNDECLARED_SELECTOR = YES;
				GCC_WARN_UNINITIALIZED_AUTOS = YES_AGGRESSIVE;
				GCC_WARN_UNUSED_FUNCTION = YES;
				GCC_WARN_UNUSED_VARIABLE = YES;
				IPHONEOS_DEPLOYMENT_TARGET = 10.0;
				MTL_ENABLE_DEBUG_INFO = NO;
				MTL_FAST_MATH = YES;
				SDKROOT = iphoneos;
				SWIFT_COMPILATION_MODE = wholemodule;
				SWIFT_OPTIMIZATION_LEVEL = "-O";
				VALIDATE_PRODUCT = YES;
			};
			name = Release;
		};
		04B6693A216DBB4F00B8795A /* Debug */ = {
			isa = XCBuildConfiguration;
			baseConfigurationReference = 03503663F4635E9E6339141C /* Pods-smartdesk.debug.xcconfig */;
			buildSettings = {
				ASSETCATALOG_COMPILER_APPICON_NAME = AppIcon;
				CODE_SIGN_STYLE = Automatic;
				DEVELOPMENT_TEAM = NDBTK98VL3;
				INFOPLIST_FILE = smartdesk/Info.plist;
				LD_RUNPATH_SEARCH_PATHS = (
					"$(inherited)",
					"@executable_path/Frameworks",
				);
				PRODUCT_BUNDLE_IDENTIFIER = com.jingweili.smartdesk;
				PRODUCT_NAME = "$(TARGET_NAME)";
				SWIFT_VERSION = 4.2;
				TARGETED_DEVICE_FAMILY = "1,2";
			};
			name = Debug;
		};
		04B6693B216DBB4F00B8795A /* Release */ = {
			isa = XCBuildConfiguration;
			baseConfigurationReference = CE654818A44E37282ED67AEA /* Pods-smartdesk.release.xcconfig */;
			buildSettings = {
				ASSETCATALOG_COMPILER_APPICON_NAME = AppIcon;
				CODE_SIGN_STYLE = Automatic;
				DEVELOPMENT_TEAM = NDBTK98VL3;
				INFOPLIST_FILE = smartdesk/Info.plist;
				LD_RUNPATH_SEARCH_PATHS = (
					"$(inherited)",
					"@executable_path/Frameworks",
				);
				PRODUCT_BUNDLE_IDENTIFIER = com.jingweili.smartdesk;
				PRODUCT_NAME = "$(TARGET_NAME)";
				SWIFT_VERSION = 4.2;
				TARGETED_DEVICE_FAMILY = "1,2";
			};
			name = Release;
		};
		04B6693D216DBB4F00B8795A /* Debug */ = {
			isa = XCBuildConfiguration;
			baseConfigurationReference = 3C0BB77FED39123153A32B12 /* Pods-smartdeskTests.debug.xcconfig */;
			buildSettings = {
				ALWAYS_EMBED_SWIFT_STANDARD_LIBRARIES = YES;
				BUNDLE_LOADER = "$(TEST_HOST)";
				CLANG_ENABLE_MODULES = YES;
				CODE_SIGN_STYLE = Automatic;
				DEVELOPMENT_TEAM = NDBTK98VL3;
				INFOPLIST_FILE = smartdeskTests/Info.plist;
				LD_RUNPATH_SEARCH_PATHS = (
					"$(inherited)",
					"@executable_path/Frameworks",
					"@loader_path/Frameworks",
				);
				PRODUCT_BUNDLE_IDENTIFIER = com.jingweili.smartdeskTests;
				PRODUCT_NAME = "$(TARGET_NAME)";
				SWIFT_OPTIMIZATION_LEVEL = "-Onone";
				SWIFT_VERSION = 4.2;
				TARGETED_DEVICE_FAMILY = "1,2";
				TEST_HOST = "$(BUILT_PRODUCTS_DIR)/smartdesk.app/smartdesk";
			};
			name = Debug;
		};
		04B6693E216DBB4F00B8795A /* Release */ = {
			isa = XCBuildConfiguration;
			baseConfigurationReference = 1F7ECF436E5DB71B8BD43EFA /* Pods-smartdeskTests.release.xcconfig */;
			buildSettings = {
				ALWAYS_EMBED_SWIFT_STANDARD_LIBRARIES = YES;
				BUNDLE_LOADER = "$(TEST_HOST)";
				CLANG_ENABLE_MODULES = YES;
				CODE_SIGN_STYLE = Automatic;
				DEVELOPMENT_TEAM = NDBTK98VL3;
				INFOPLIST_FILE = smartdeskTests/Info.plist;
				LD_RUNPATH_SEARCH_PATHS = (
					"$(inherited)",
					"@executable_path/Frameworks",
					"@loader_path/Frameworks",
				);
				PRODUCT_BUNDLE_IDENTIFIER = com.jingweili.smartdeskTests;
				PRODUCT_NAME = "$(TARGET_NAME)";
				SWIFT_VERSION = 4.2;
				TARGETED_DEVICE_FAMILY = "1,2";
				TEST_HOST = "$(BUILT_PRODUCTS_DIR)/smartdesk.app/smartdesk";
			};
			name = Release;
		};
/* End XCBuildConfiguration section */

/* Begin XCConfigurationList section */
		04B66917216DBB4A00B8795A /* Build configuration list for PBXProject "smartdesk" */ = {
			isa = XCConfigurationList;
			buildConfigurations = (
				04B66937216DBB4F00B8795A /* Debug */,
				04B66938216DBB4F00B8795A /* Release */,
			);
			defaultConfigurationIsVisible = 0;
			defaultConfigurationName = Release;
		};
		04B66939216DBB4F00B8795A /* Build configuration list for PBXNativeTarget "smartdesk" */ = {
			isa = XCConfigurationList;
			buildConfigurations = (
				04B6693A216DBB4F00B8795A /* Debug */,
				04B6693B216DBB4F00B8795A /* Release */,
			);
			defaultConfigurationIsVisible = 0;
			defaultConfigurationName = Release;
		};
		04B6693C216DBB4F00B8795A /* Build configuration list for PBXNativeTarget "smartdeskTests" */ = {
			isa = XCConfigurationList;
			buildConfigurations = (
				04B6693D216DBB4F00B8795A /* Debug */,
				04B6693E216DBB4F00B8795A /* Release */,
			);
			defaultConfigurationIsVisible = 0;
			defaultConfigurationName = Release;
		};
/* End XCConfigurationList section */
	};
	rootObject = 04B66914216DBB4A00B8795A /* Project object */;
}
